
Microsoft Visual Studio Solution File, Format Version 12.00
# Visual Studio Version 16
VisualStudioVersion = 16.0.31205.134
MinimumVisualStudioVersion = 10.0.40219.1
Project("{FAE04EC0-301F-11D3-BF4B-00C04F79EFBC}") = "DIOBank", "DIOBank.csproj", "{F7C22D01-12A4-4E0F-AD65-8B6FC857BB9D}"
EndProject
Global
	GlobalSection(SolutionConfigurationPlatforms) = preSolution
		Debug|Any CPU = Debug|Any CPU
		Release|Any CPU = Release|Any CPU
	EndGlobalSection
	GlobalSection(ProjectConfigurationPlatforms) = postSolution
		{F7C22D01-12A4-4E0F-AD65-8B6FC857BB9D}.Debug|Any CPU.ActiveCfg = Debug|Any CPU
		{F7C22D01-12A4-4E0F-AD65-8B6FC857BB9D}.Debug|Any CPU.Build.0 = Debug|Any CPU
		{F7C22D01-12A4-4E0F-AD65-8B6FC857BB9D}.Release|Any CPU.ActiveCfg = Release|Any CPU
		{F7C22D01-12A4-4E0F-AD65-8B6FC857BB9D}.Release|Any CPU.Build.0 = Release|Any CPU
	EndGlobalSection
	GlobalSection(SolutionProperties) = preSolution
		HideSolutionNode = FALSE
	EndGlobalSection
	GlobalSection(ExtensibilityGlobals) = postSolution
		SolutionGuid = {8B12C1B2-09A3-4FEC-BDE0-492ABF15E7BD}
	EndGlobalSection
EndGlobal
